
Microsoft Visual Studio Solution File, Format Version 12.00
# Visual Studio Version 16
VisualStudioVersion = 16.0.31624.102
MinimumVisualStudioVersion = 10.0.40219.1
Project("{8BC9CEB8-8B4A-11D0-8D11-00A0C91BC942}") = "pr.13.2.1", "pr.13.2.1\pr.13.2.1.vcxproj", "{8D1C6C3B-7D22-43CB-B8E8-035FFE53068C}"
EndProject
Project("{8BC9CEB8-8B4A-11D0-8D11-00A0C91BC942}") = "UnitTest.13.2.1", "UnitTest.13.2.1\UnitTest.13.2.1.vcxproj", "{AF839CB2-6728-4EF3-9BD3-DC52C76B2D72}"
EndProject
Global
	GlobalSection(SolutionConfigurationPlatforms) = preSolution
		Debug|x64 = Debug|x64
		Debug|x86 = Debug|x86
		Release|x64 = Release|x64
		Release|x86 = Release|x86
	EndGlobalSection
	GlobalSection(ProjectConfigurationPlatforms) = postSolution
		{8D1C6C3B-7D22-43CB-B8E8-035FFE53068C}.Debug|x64.ActiveCfg = Debug|x64
		{8D1C6C3B-7D22-43CB-B8E8-035FFE53068C}.Debug|x64.Build.0 = Debug|x64
		{8D1C6C3B-7D22-43CB-B8E8-035FFE53068C}.Debug|x86.ActiveCfg = Debug|Win32
		{8D1C6C3B-7D22-43CB-B8E8-035FFE53068C}.Debug|x86.Build.0 = Debug|Win32
		{8D1C6C3B-7D22-43CB-B8E8-035FFE53068C}.Release|x64.ActiveCfg = Release|x64
		{8D1C6C3B-7D22-43CB-B8E8-035FFE53068C}.Release|x64.Build.0 = Release|x64
		{8D1C6C3B-7D22-43CB-B8E8-035FFE53068C}.Release|x86.ActiveCfg = Release|Win32
		{8D1C6C3B-7D22-43CB-B8E8-035FFE53068C}.Release|x86.Build.0 = Release|Win32
		{AF839CB2-6728-4EF3-9BD3-DC52C76B2D72}.Debug|x64.ActiveCfg = Debug|x64
		{AF839CB2-6728-4EF3-9BD3-DC52C76B2D72}.Debug|x64.Build.0 = Debug|x64
		{AF839CB2-6728-4EF3-9BD3-DC52C76B2D72}.Debug|x86.ActiveCfg = Debug|Win32
		{AF839CB2-6728-4EF3-9BD3-DC52C76B2D72}.Debug|x86.Build.0 = Debug|Win32
		{AF839CB2-6728-4EF3-9BD3-DC52C76B2D72}.Release|x64.ActiveCfg = Release|x64
		{AF839CB2-6728-4EF3-9BD3-DC52C76B2D72}.Release|x64.Build.0 = Release|x64
		{AF839CB2-6728-4EF3-9BD3-DC52C76B2D72}.Release|x86.ActiveCfg = Release|Win32
		{AF839CB2-6728-4EF3-9BD3-DC52C76B2D72}.Release|x86.Build.0 = Release|Win32
	EndGlobalSection
	GlobalSection(SolutionProperties) = preSolution
		HideSolutionNode = FALSE
	EndGlobalSection
	GlobalSection(ExtensibilityGlobals) = postSolution
		SolutionGuid = {1EB1ABDB-04DB-4F6D-BBD1-2D6E945A5BAA}
	EndGlobalSection
EndGlobal
